
Microsoft Visual Studio Solution File, Format Version 12.00
# Visual Studio Version 17
VisualStudioVersion = 17.7.34003.232
MinimumVisualStudioVersion = 10.0.40219.1
Project("{FAE04EC0-301F-11D3-BF4B-00C04F79EFBC}") = "next-api", "next-api\next-api.csproj", "{085F2AD3-B56B-4339-B2D7-CA2D9B5CE4A3}"
EndProject
Global
	GlobalSection(SolutionConfigurationPlatforms) = preSolution
		Debug|Any CPU = Debug|Any CPU
		Release|Any CPU = Release|Any CPU
	EndGlobalSection
	GlobalSection(ProjectConfigurationPlatforms) = postSolution
		{085F2AD3-B56B-4339-B2D7-CA2D9B5CE4A3}.Debug|Any CPU.ActiveCfg = Debug|Any CPU
		{085F2AD3-B56B-4339-B2D7-CA2D9B5CE4A3}.Debug|Any CPU.Build.0 = Debug|Any CPU
		{085F2AD3-B56B-4339-B2D7-CA2D9B5CE4A3}.Release|Any CPU.ActiveCfg = Release|Any CPU
		{085F2AD3-B56B-4339-B2D7-CA2D9B5CE4A3}.Release|Any CPU.Build.0 = Release|Any CPU
	EndGlobalSection
	GlobalSection(SolutionProperties) = preSolution
		HideSolutionNode = FALSE
	EndGlobalSection
	GlobalSection(ExtensibilityGlobals) = postSolution
		SolutionGuid = {9A0C64AE-34CE-4FF7-A53D-6FC9C1A7E3DC}
	EndGlobalSection
EndGlobal
